# THIS IS AN AUTOGENERATED FILE. DO NOT EDIT THIS FILE DIRECTLY.
# yarn lockfile v1


event-source-polyfill@^1.0.31:
  version "1.0.31"
  resolved "https://registry.yarnpkg.com/event-source-polyfill/-/event-source-polyfill-1.0.31.tgz#45fb0a6fc1375b2ba597361ba4287ffec5bf2e0c"
  integrity sha512-4IJSItgS/41IxN5UVAVuAyczwZF7ZIEsM1XAoUzIHA6A+xzusEZUutdXz2Nr+MQPLxfTiCvqE79/C8HT8fKFvA==
